
Microsoft Visual Studio Solution File, Format Version 12.00
# Visual Studio 15
VisualStudioVersion = 15.0.28010.2050
MinimumVisualStudioVersion = 10.0.40219.1
Project("{FAE04EC0-301F-11D3-BF4B-00C04F79EFBC}") = "SocketServerLaserMock", "SocketServerLaserMock\SocketServerLaserMock.csproj", "{7FC7C690-3544-4BA8-AC4A-1A2B2E1A3523}"
EndProject
Global
	GlobalSection(SolutionConfigurationPlatforms) = preSolution
		Debug|Any CPU = Debug|Any CPU
		Release|Any CPU = Release|Any CPU
	EndGlobalSection
	GlobalSection(ProjectConfigurationPlatforms) = postSolution
		{7FC7C690-3544-4BA8-AC4A-1A2B2E1A3523}.Debug|Any CPU.ActiveCfg = Debug|Any CPU
		{7FC7C690-3544-4BA8-AC4A-1A2B2E1A3523}.Debug|Any CPU.Build.0 = Debug|Any CPU
		{7FC7C690-3544-4BA8-AC4A-1A2B2E1A3523}.Release|Any CPU.ActiveCfg = Release|Any CPU
		{7FC7C690-3544-4BA8-AC4A-1A2B2E1A3523}.Release|Any CPU.Build.0 = Release|Any CPU
	EndGlobalSection
	GlobalSection(SolutionProperties) = preSolution
		HideSolutionNode = FALSE
	EndGlobalSection
	GlobalSection(ExtensibilityGlobals) = postSolution
		SolutionGuid = {6B547CCB-51F1-47F2-A6D4-A78374E24E61}
	EndGlobalSection
EndGlobal
